{
    "_meta": {
        "hash": {
            "sha256": "bb9c9aac14bcad1f3ef0691b7624d671695624752f637e2aa822c965e08a2239"
        },
        "pipfile-spec": 6,
        "requires": {
            "python_version": "3.12"
        },
        "sources": [
            {
                "name": "pypi",
                "url": "https://pypi.org/simple",
                "verify_ssl": true
            }
        ]
    },
    "default": {
        "asgiref": {
            "hashes": [
                "sha256:3e1e3ecc849832fe52ccf2cb6686b7a55f82bb1d6aee72a58826471390335e47",
                "sha256:c343bd80a0bec947a9860adb4c432ffa7db769836c64238fc34bdc3fec84d590"
            ],
            "markers": "python_version >= '3.8'",
            "version": "==3.8.1"
        },
        "django": {
            "hashes": [
                "sha256:1323617cb624add820cb9611cdcc788312d250824f92ca6048fda8625514af2b",
                "sha256:30de4ee43a98e5d3da36a9002f287ff400b43ca51791920bfb35f6917bfe041c"
            ],
            "index": "pypi",
            "markers": "python_version >= '3.10'",
            "version": "==5.1.7"
        },
        "ngrok": {
            "hashes": [
                "sha256:05a86cf684120c27d1f10c9a3a5320c7243a89a9f93e58c027dc3916bdeeade9",
                "sha256:0b2a29f4a98ce62366262fc4906dfb0dfe28a9ec7114dc9e7cbe2d75f923fc00",
                "sha256:0f31c5f7a3d93011a08d01ccd38c66b1febec3efe776b301ea677061d56561b1",
                "sha256:166aa4ad1911564e8028436b4c0cc5401f846f79176c97bc84726d417f5483eb",
                "sha256:1ff615ab7709976664730b80e4345d4bf7816b864f990bdf2b6529c7e7f9106d",
                "sha256:2a9bd2fbf3bf2ed8bdc668d20da9f961207ffe8795320598ca2747463c5f980d",
                "sha256:381a455b527a4c25e9aa5da231db2f836c243ae46b479f9a4af2b54fadfde906",
                "sha256:60a6fdaa08c7bcff6b208fb2d1d7d3065ab7bf99a1dfc6e9c4f4535dbbe2e0f6",
                "sha256:77aeac9d9e1a425c65fad10c7996279ba4099c68af6e18d66d0e9d96f2eef31b",
                "sha256:8660b535a3b1593c80868c80dd2f7b480fcb075ec807ba727868348d037adea3"
            ],
            "index": "pypi",
            "markers": "python_version >= '3.7'",
            "version": "==1.4.0"
        },
        "sqlparse": {
            "hashes": [
                "sha256:09f67787f56a0b16ecdbde1bfc7f5d9c3371ca683cfeaa8e6ff60b4807ec9272",
                "sha256:cf2196ed3418f3ba5de6af7e82c694a9fbdbfecccdfc72e281548517081f16ca"
            ],
            "markers": "python_version >= '3.8'",
            "version": "==0.5.3"
        }
    },
    "develop": {}
}
